Microsoft Visual Studio Solution File, Format Version 12.00
# Visual Studio Version 17
VisualStudioVersion = 17.5.2.0
MinimumVisualStudioVersion = 10.0.40219.1
Project("{FAE04EC0-301F-11D3-BF4B-00C04F79EFBC}") = "MyReactApp", "MyReactApp\MyReactApp.csproj", "{0F12BA55-AD33-E158-11FC-6B2CBAAAE55B}"
EndProject
Global
	GlobalSection(SolutionConfigurationPlatforms) = preSolution
		Debug|Any CPU = Debug|Any CPU
		Release|Any CPU = Release|Any CPU
	EndGlobalSection
	GlobalSection(ProjectConfigurationPlatforms) = postSolution
		{0F12BA55-AD33-E158-11FC-6B2CBAAAE55B}.Debug|Any CPU.ActiveCfg = Debug|Any CPU
		{0F12BA55-AD33-E158-11FC-6B2CBAAAE55B}.Debug|Any CPU.Build.0 = Debug|Any CPU
		{0F12BA55-AD33-E158-11FC-6B2CBAAAE55B}.Release|Any CPU.ActiveCfg = Release|Any CPU
		{0F12BA55-AD33-E158-11FC-6B2CBAAAE55B}.Release|Any CPU.Build.0 = Release|Any CPU
	EndGlobalSection
	GlobalSection(SolutionProperties) = preSolution
		HideSolutionNode = FALSE
	EndGlobalSection
	GlobalSection(ExtensibilityGlobals) = postSolution
		SolutionGuid = {626C7D2F-2DC1-4580-B600-870773B8F0D2}
	EndGlobalSection
EndGlobal
